
Microsoft Visual Studio Solution File, Format Version 12.00
# Visual Studio 2017
Project("{FAE04EC0-301F-11D3-BF4B-00C04F79EFBC}") = "Proc Jam", "Proc Jam.csproj", "{735AAFF5-291B-5E67-6EDA-3F80AB8F5000}"
EndProject
Global
	GlobalSection(SolutionConfigurationPlatforms) = preSolution
		Debug|Any CPU = Debug|Any CPU
		Release|Any CPU = Release|Any CPU
	EndGlobalSection
	GlobalSection(ProjectConfigurationPlatforms) = postSolution
		{735AAFF5-291B-5E67-6EDA-3F80AB8F5000}.Debug|Any CPU.ActiveCfg = Debug|Any CPU
		{735AAFF5-291B-5E67-6EDA-3F80AB8F5000}.Debug|Any CPU.Build.0 = Debug|Any CPU
		{735AAFF5-291B-5E67-6EDA-3F80AB8F5000}.Release|Any CPU.ActiveCfg = Release|Any CPU
		{735AAFF5-291B-5E67-6EDA-3F80AB8F5000}.Release|Any CPU.Build.0 = Release|Any CPU
	EndGlobalSection
	GlobalSection(SolutionProperties) = preSolution
		HideSolutionNode = FALSE
	EndGlobalSection
EndGlobal
